
Microsoft Visual Studio Solution File, Format Version 12.00
# Visual Studio Version 16
VisualStudioVersion = 16.0.29411.108
MinimumVisualStudioVersion = 10.0.40219.1
Project("{FAE04EC0-301F-11D3-BF4B-00C04F79EFBC}") = "AtualizaVersao", "AtualizaVersao\AtualizaVersao.csproj", "{2CDF0F70-9022-4BA9-8414-5B35150E7770}"
EndProject
Global
	GlobalSection(SolutionConfigurationPlatforms) = preSolution
		Debug|Any CPU = Debug|Any CPU
		Release|Any CPU = Release|Any CPU
	EndGlobalSection
	GlobalSection(ProjectConfigurationPlatforms) = postSolution
		{2CDF0F70-9022-4BA9-8414-5B35150E7770}.Debug|Any CPU.ActiveCfg = Debug|Any CPU
		{2CDF0F70-9022-4BA9-8414-5B35150E7770}.Debug|Any CPU.Build.0 = Debug|Any CPU
		{2CDF0F70-9022-4BA9-8414-5B35150E7770}.Release|Any CPU.ActiveCfg = Release|Any CPU
		{2CDF0F70-9022-4BA9-8414-5B35150E7770}.Release|Any CPU.Build.0 = Release|Any CPU
	EndGlobalSection
	GlobalSection(SolutionProperties) = preSolution
		HideSolutionNode = FALSE
	EndGlobalSection
	GlobalSection(ExtensibilityGlobals) = postSolution
		SolutionGuid = {FA974F75-A1D6-4841-93CE-1EB650B8C2ED}
	EndGlobalSection
EndGlobal
